
Microsoft Visual Studio Solution File, Format Version 12.00
# Visual Studio Version 16
VisualStudioVersion = 16.0.31613.86
MinimumVisualStudioVersion = 10.0.40219.1
Project("{FAE04EC0-301F-11D3-BF4B-00C04F79EFBC}") = "Mmt.MmtShop.Api", "Mmt.MmtShop.Api\Mmt.MmtShop.Api.csproj", "{AD6BA97B-D933-47C0-A767-13A7345DA314}"
EndProject
Project("{FAE04EC0-301F-11D3-BF4B-00C04F79EFBC}") = "Mmt.MmtShop.ApiConsole", "Mmt.MmtShop.Console\Mmt.MmtShop.ApiConsole.csproj", "{F26C86BC-9CA9-4961-9F74-14776F814DE3}"
EndProject
Global
	GlobalSection(SolutionConfigurationPlatforms) = preSolution
		Debug|Any CPU = Debug|Any CPU
		Release|Any CPU = Release|Any CPU
	EndGlobalSection
	GlobalSection(ProjectConfigurationPlatforms) = postSolution
		{AD6BA97B-D933-47C0-A767-13A7345DA314}.Debug|Any CPU.ActiveCfg = Debug|Any CPU
		{AD6BA97B-D933-47C0-A767-13A7345DA314}.Debug|Any CPU.Build.0 = Debug|Any CPU
		{AD6BA97B-D933-47C0-A767-13A7345DA314}.Release|Any CPU.ActiveCfg = Release|Any CPU
		{AD6BA97B-D933-47C0-A767-13A7345DA314}.Release|Any CPU.Build.0 = Release|Any CPU
		{F26C86BC-9CA9-4961-9F74-14776F814DE3}.Debug|Any CPU.ActiveCfg = Debug|Any CPU
		{F26C86BC-9CA9-4961-9F74-14776F814DE3}.Debug|Any CPU.Build.0 = Debug|Any CPU
		{F26C86BC-9CA9-4961-9F74-14776F814DE3}.Release|Any CPU.ActiveCfg = Release|Any CPU
		{F26C86BC-9CA9-4961-9F74-14776F814DE3}.Release|Any CPU.Build.0 = Release|Any CPU
	EndGlobalSection
	GlobalSection(SolutionProperties) = preSolution
		HideSolutionNode = FALSE
	EndGlobalSection
	GlobalSection(ExtensibilityGlobals) = postSolution
		SolutionGuid = {719F1FA4-0E83-4789-8B85-C1F799AF756D}
	EndGlobalSection
EndGlobal
